
Microsoft Visual Studio Solution File, Format Version 12.00
# Visual Studio Version 16
VisualStudioVersion = 16.0.31410.357
MinimumVisualStudioVersion = 10.0.40219.1
Project("{FAE04EC0-301F-11D3-BF4B-00C04F79EFBC}") = "caroGame", "caroGame\caroGame.csproj", "{A792BFF8-0E3E-4121-BFA3-0C91C1B3A739}"
EndProject
Global
	GlobalSection(SolutionConfigurationPlatforms) = preSolution
		Debug|Any CPU = Debug|Any CPU
		Release|Any CPU = Release|Any CPU
	EndGlobalSection
	GlobalSection(ProjectConfigurationPlatforms) = postSolution
		{A792BFF8-0E3E-4121-BFA3-0C91C1B3A739}.Debug|Any CPU.ActiveCfg = Debug|Any CPU
		{A792BFF8-0E3E-4121-BFA3-0C91C1B3A739}.Debug|Any CPU.Build.0 = Debug|Any CPU
		{A792BFF8-0E3E-4121-BFA3-0C91C1B3A739}.Release|Any CPU.ActiveCfg = Release|Any CPU
		{A792BFF8-0E3E-4121-BFA3-0C91C1B3A739}.Release|Any CPU.Build.0 = Release|Any CPU
	EndGlobalSection
	GlobalSection(SolutionProperties) = preSolution
		HideSolutionNode = FALSE
	EndGlobalSection
	GlobalSection(ExtensibilityGlobals) = postSolution
		SolutionGuid = {92494607-D95F-43E9-AC99-8C6B07022E29}
	EndGlobalSection
EndGlobal
